# This file is autogenerated, do not edit; changes may be undone by the next 'dep ensure'.


[[projects]]
  digest = "1:ffe9824d294da03b391f44e1ae8281281b4afc1bdaa9588c9097785e3af10cec"
  name = "github.com/davecgh/go-spew"
  packages = ["spew"]
  pruneopts = "UT"
  revision = "8991bc29aa16c548c550c7ff78260e27b9ab7c73"
  version = "v1.1.1"

[[projects]]
  digest = "1:09d3ceb4456b0b463c5730198a9138e383089b27c0c10b1032789a0618a6dfe6"
  name = "github.com/dimfeld/httptreemux"
  packages = ["."]
  pruneopts = "UT"
  revision = "a454a10de4a11f751681a0914461ab9e98c2a3ff"
  version = "5.0.2"

[[projects]]
  branch = "master"
  digest = "1:e74fa8e635591eb1ad79e8e711bff8bea4e12e9737563daf12af325c6ea206e4"
  name = "github.com/justinas/alice"
  packages = ["."]
  pruneopts = "UT"
  revision = "03f45bd4b7dad4734bc4620e46a35789349abb20"

[[projects]]
  digest = "1:31e761d97c76151dde79e9d28964a812c46efc5baee4085b86f68f0c654450de"
  name = "github.com/konsorten/go-windows-terminal-sequences"
  packages = ["."]
  pruneopts = "UT"
  revision = "f55edac94c9bbba5d6182a4be46d86a2c9b5b50e"
  version = "v1.0.2"

[[projects]]
  digest = "1:0028cb19b2e4c3112225cd871870f2d9cf49b9b4276531f03438a88e94be86fe"
  name = "github.com/pmezard/go-difflib"
  packages = ["difflib"]
  pruneopts = "UT"
  revision = "792786c7400a136282c1664665ae0a8db921c6c2"
  version = "v1.0.0"

[[projects]]
  digest = "1:87c2e02fb01c27060ccc5ba7c5a407cc91147726f8f40b70cceeedbc52b1f3a8"
  name = "github.com/sirupsen/logrus"
  packages = ["."]
  pruneopts = "UT"
  revision = "e1e72e9de974bd926e5c56f83753fba2df402ce5"
  version = "v1.3.0"

[[projects]]
  digest = "1:8ff03ccc603abb0d7cce94d34b613f5f6251a9e1931eba1a3f9888a9029b055c"
  name = "github.com/stretchr/testify"
  packages = [
    "assert",
    "require",
    "suite",
  ]
  pruneopts = "UT"
  revision = "ffdc059bfe9ce6a4e144ba849dbedead332c6053"
  version = "v1.3.0"

[[projects]]
  branch = "master"
  digest = "1:058e9504b9a79bfe86092974d05bb3298d2aa0c312d266d43148de289a5065d9"
  name = "golang.org/x/crypto"
  packages = ["ssh/terminal"]
  pruneopts = "UT"
  revision = "8dd112bcdc25174059e45e07517d9fc663123347"

[[projects]]
  branch = "master"
  digest = "1:c65bd2920426dabbd19ea6a3e54ff8475fa930935ba58d23e8db49c142648279"
  name = "golang.org/x/sys"
  packages = [
    "unix",
    "windows",
  ]
  pruneopts = "UT"
  revision = "b6889370fb1098ed892bd3400d189bb6a3355813"

[solve-meta]
  analyzer-name = "dep"
  analyzer-version = 1
  input-imports = [
    "github.com/dimfeld/httptreemux",
    "github.com/justinas/alice",
    "github.com/sirupsen/logrus",
    "github.com/stretchr/testify/assert",
    "github.com/stretchr/testify/suite",
  ]
  solver-name = "gps-cdcl"
  solver-version = 1
